
Microsoft Visual Studio Solution File, Format Version 12.00
# Visual Studio Version 17
VisualStudioVersion = 17.0.31903.59
MinimumVisualStudioVersion = 10.0.40219.1
Project("{2150E333-8FDC-42A3-9474-1A3956D46DE8}") = "src", "src", "{827E0CD3-B72D-47B6-A68D-7590B98EB39B}"
EndProject
Project("{FAE04EC0-301F-11D3-BF4B-00C04F79EFBC}") = "ZeroCompany.Core", "src\ZeroCompany.Core\ZeroCompany.Core.csproj", "{6949825E-496E-4BC8-8481-1051467FC569}"
EndProject
Project("{2150E333-8FDC-42A3-9474-1A3956D46DE8}") = "tests", "tests", "{0AB3BF05-4346-4AA6-1389-037BE0695223}"
EndProject
Project("{FAE04EC0-301F-11D3-BF4B-00C04F79EFBC}") = "ZeroCompany.Tests", "tests\ZeroCompany.Tests\ZeroCompany.Tests.csproj", "{6DC1E11A-72DB-485B-A2E2-7A9F05DB297B}"
EndProject
Global
	GlobalSection(SolutionConfigurationPlatforms) = preSolution
		Debug|Any CPU = Debug|Any CPU
		Debug|x64 = Debug|x64
		Debug|x86 = Debug|x86
		Release|Any CPU = Release|Any CPU
		Release|x64 = Release|x64
		Release|x86 = Release|x86
	EndGlobalSection
	GlobalSection(ProjectConfigurationPlatforms) = postSolution
		{6949825E-496E-4BC8-8481-1051467FC569}.Debug|Any CPU.ActiveCfg = Debug|Any CPU
		{6949825E-496E-4BC8-8481-1051467FC569}.Debug|Any CPU.Build.0 = Debug|Any CPU
		{6949825E-496E-4BC8-8481-1051467FC569}.Debug|x64.ActiveCfg = Debug|Any CPU
		{6949825E-496E-4BC8-8481-1051467FC569}.Debug|x64.Build.0 = Debug|Any CPU
		{6949825E-496E-4BC8-8481-1051467FC569}.Debug|x86.ActiveCfg = Debug|Any CPU
		{6949825E-496E-4BC8-8481-1051467FC569}.Debug|x86.Build.0 = Debug|Any CPU
		{6949825E-496E-4BC8-8481-1051467FC569}.Release|Any CPU.ActiveCfg = Release|Any CPU
		{6949825E-496E-4BC8-8481-1051467FC569}.Release|Any CPU.Build.0 = Release|Any CPU
		{6949825E-496E-4BC8-8481-1051467FC569}.Release|x64.ActiveCfg = Release|Any CPU
		{6949825E-496E-4BC8-8481-1051467FC569}.Release|x64.Build.0 = Release|Any CPU
		{6949825E-496E-4BC8-8481-1051467FC569}.Release|x86.ActiveCfg = Release|Any CPU
		{6949825E-496E-4BC8-8481-1051467FC569}.Release|x86.Build.0 = Release|Any CPU
		{6DC1E11A-72DB-485B-A2E2-7A9F05DB297B}.Debug|Any CPU.ActiveCfg = Debug|Any CPU
		{6DC1E11A-72DB-485B-A2E2-7A9F05DB297B}.Debug|Any CPU.Build.0 = Debug|Any CPU
		{6DC1E11A-72DB-485B-A2E2-7A9F05DB297B}.Debug|x64.ActiveCfg = Debug|Any CPU
		{6DC1E11A-72DB-485B-A2E2-7A9F05DB297B}.Debug|x64.Build.0 = Debug|Any CPU
		{6DC1E11A-72DB-485B-A2E2-7A9F05DB297B}.Debug|x86.ActiveCfg = Debug|Any CPU
		{6DC1E11A-72DB-485B-A2E2-7A9F05DB297B}.Debug|x86.Build.0 = Debug|Any CPU
		{6DC1E11A-72DB-485B-A2E2-7A9F05DB297B}.Release|Any CPU.ActiveCfg = Release|Any CPU
		{6DC1E11A-72DB-485B-A2E2-7A9F05DB297B}.Release|Any CPU.Build.0 = Release|Any CPU
		{6DC1E11A-72DB-485B-A2E2-7A9F05DB297B}.Release|x64.ActiveCfg = Release|Any CPU
		{6DC1E11A-72DB-485B-A2E2-7A9F05DB297B}.Release|x64.Build.0 = Release|Any CPU
		{6DC1E11A-72DB-485B-A2E2-7A9F05DB297B}.Release|x86.ActiveCfg = Release|Any CPU
		{6DC1E11A-72DB-485B-A2E2-7A9F05DB297B}.Release|x86.Build.0 = Release|Any CPU
	EndGlobalSection
	GlobalSection(SolutionProperties) = preSolution
		HideSolutionNode = FALSE
	EndGlobalSection
	GlobalSection(NestedProjects) = preSolution
		{6949825E-496E-4BC8-8481-1051467FC569} = {827E0CD3-B72D-47B6-A68D-7590B98EB39B}
		{6DC1E11A-72DB-485B-A2E2-7A9F05DB297B} = {0AB3BF05-4346-4AA6-1389-037BE0695223}
	EndGlobalSection
EndGlobal
